
Microsoft Visual Studio Solution File, Format Version 12.00
# Visual Studio 15
Project("{FAE04EC0-301F-11D3-BF4B-00C04F79EFBC}") = "Assembly-CSharp", "Assembly-CSharp.csproj", "{4643E51F-4D62-4E3B-BE14-295A00F77038}"
EndProject
Project("{FAE04EC0-301F-11D3-BF4B-00C04F79EFBC}") = "Assembly-CSharp-Editor", "Assembly-CSharp-Editor.csproj", "{DFD69062-7EEC-B834-841B-54537776A6C3}"
EndProject
Global
	GlobalSection(SolutionConfigurationPlatforms) = preSolution
		Debug|Any CPU = Debug|Any CPU
		Release|Any CPU = Release|Any CPU
	EndGlobalSection
	GlobalSection(ProjectConfigurationPlatforms) = postSolution
		{4643E51F-4D62-4E3B-BE14-295A00F77038}.Debug|Any CPU.ActiveCfg = Debug|Any CPU
		{4643E51F-4D62-4E3B-BE14-295A00F77038}.Debug|Any CPU.Build.0 = Debug|Any CPU
		{4643E51F-4D62-4E3B-BE14-295A00F77038}.Release|Any CPU.ActiveCfg = Release|Any CPU
		{4643E51F-4D62-4E3B-BE14-295A00F77038}.Release|Any CPU.Build.0 = Release|Any CPU
		{DFD69062-7EEC-B834-841B-54537776A6C3}.Debug|Any CPU.ActiveCfg = Debug|Any CPU
		{DFD69062-7EEC-B834-841B-54537776A6C3}.Debug|Any CPU.Build.0 = Debug|Any CPU
		{DFD69062-7EEC-B834-841B-54537776A6C3}.Release|Any CPU.ActiveCfg = Release|Any CPU
		{DFD69062-7EEC-B834-841B-54537776A6C3}.Release|Any CPU.Build.0 = Release|Any CPU
	EndGlobalSection
	GlobalSection(SolutionProperties) = preSolution
		HideSolutionNode = FALSE
	EndGlobalSection
EndGlobal
